// !$*UTF8*$!
{
	archiveVersion = 1;
	classes = {
	};
	objectVersion = 46;
	objects = {

/* Begin PBXBuildFile section */
		2D4698861D0EE6A400CB8025 /* NSBundle+MJRefresh.m in Sources */ = {isa = PBXBuildFile; fileRef = 2D4698851D0EE6A400CB8025 /* NSBundle+MJRefresh.m */; };
		2D9BEB091BB15F4A00AED473 /* UIViewController+Example.m in Sources */ = {isa = PBXBuildFile; fileRef = 2D9BEAE01BB15F4A00AED473 /* UIViewController+Example.m */; };
		2D9BEB0A1BB15F4A00AED473 /* MJChiBaoZiFooter.m in Sources */ = {isa = PBXBuildFile; fileRef = 2D9BEAE31BB15F4A00AED473 /* MJChiBaoZiFooter.m */; };
		2D9BEB0B1BB15F4A00AED473 /* MJChiBaoZiFooter2.m in Sources */ = {isa = PBXBuildFile; fileRef = 2D9BEAE51BB15F4A00AED473 /* MJChiBaoZiFooter2.m */; };
		2D9BEB0C1BB15F4A00AED473 /* MJChiBaoZiHeader.m in Sources */ = {isa = PBXBuildFile; fileRef = 2D9BEAE71BB15F4A00AED473 /* MJChiBaoZiHeader.m */; };
		2D9BEB0D1BB15F4A00AED473 /* MJDIYAutoFooter.m in Sources */ = {isa = PBXBuildFile; fileRef = 2D9BEAE91BB15F4A00AED473 /* MJDIYAutoFooter.m */; };
		2D9BEB0E1BB15F4A00AED473 /* MJDIYBackFooter.m in Sources */ = {isa = PBXBuildFile; fileRef = 2D9BEAEB1BB15F4A00AED473 /* MJDIYBackFooter.m */; };
		2D9BEB0F1BB15F4A00AED473 /* MJDIYHeader.m in Sources */ = {isa = PBXBuildFile; fileRef = 2D9BEAED1BB15F4A00AED473 /* MJDIYHeader.m */; };
		2D9BEB101BB15F4A00AED473 /* MJExample.m in Sources */ = {isa = PBXBuildFile; fileRef = 2D9BEAF01BB15F4A00AED473 /* MJExample.m */; };
		2D9BEB111BB15F4A00AED473 /* MJExampleViewController.m in Sources */ = {isa = PBXBuildFile; fileRef = 2D9BEAF21BB15F4A00AED473 /* MJExampleViewController.m */; };
		2D9BEB121BB15F4A00AED473 /* MJExampleWindow.m in Sources */ = {isa = PBXBuildFile; fileRef = 2D9BEAF41BB15F4A00AED473 /* MJExampleWindow.m */; };
		2D9BEB131BB15F4A00AED473 /* MJNavigationController.m in Sources */ = {isa = PBXBuildFile; fileRef = 2D9BEAF61BB15F4A00AED473 /* MJNavigationController.m */; };
		2D9BEB141BB15F4A00AED473 /* MJSingleViewController.m in Sources */ = {isa = PBXBuildFile; fileRef = 2D9BEAF81BB15F4A00AED473 /* MJSingleViewController.m */; };
		2D9BEB151BB15F4A00AED473 /* MJTempViewController.m in Sources */ = {isa = PBXBuildFile; fileRef = 2D9BEAFA1BB15F4A00AED473 /* MJTempViewController.m */; };
		2D9BEB161BB15F4A00AED473 /* AppDelegate.m in Sources */ = {isa = PBXBuildFile; fileRef = 2D9BEAFD1BB15F4A00AED473 /* AppDelegate.m */; };
		2D9BEB171BB15F4A00AED473 /* MJCollectionViewController.m in Sources */ = {isa = PBXBuildFile; fileRef = 2D9BEB001BB15F4A00AED473 /* MJCollectionViewController.m */; };
		2D9BEB181BB15F4A00AED473 /* MJTableViewController.m in Sources */ = {isa = PBXBuildFile; fileRef = 2D9BEB021BB15F4A00AED473 /* MJTableViewController.m */; };
		2D9BEB191BB15F4A00AED473 /* MJTestViewController.m in Sources */ = {isa = PBXBuildFile; fileRef = 2D9BEB041BB15F4A00AED473 /* MJTestViewController.m */; };
		2D9BEB1A1BB15F4A00AED473 /* MJTestViewController.xib in Resources */ = {isa = PBXBuildFile; fileRef = 2D9BEB051BB15F4A00AED473 /* MJTestViewController.xib */; };
		2D9BEB1B1BB15F4A00AED473 /* MJWebViewViewController.m in Sources */ = {isa = PBXBuildFile; fileRef = 2D9BEB071BB15F4A00AED473 /* MJWebViewViewController.m */; };
		2D9BEB1C1BB15F4A00AED473 /* MJWebViewViewController.xib in Resources */ = {isa = PBXBuildFile; fileRef = 2D9BEB081BB15F4A00AED473 /* MJWebViewViewController.xib */; };
		2DA7F92B1AA6B4C4005627AB /* main.m in Sources */ = {isa = PBXBuildFile; fileRef = 2DA7F92A1AA6B4C4005627AB /* main.m */; };
		2DA7F9341AA6B4C4005627AB /* Main.storyboard in Resources */ = {isa = PBXBuildFile; fileRef = 2DA7F9321AA6B4C4005627AB /* Main.storyboard */; };
		2DA7F9361AA6B4C4005627AB /* Images.xcassets in Resources */ = {isa = PBXBuildFile; fileRef = 2DA7F9351AA6B4C4005627AB /* Images.xcassets */; };
		2DA7F9391AA6B4C4005627AB /* LaunchScreen.xib in Resources */ = {isa = PBXBuildFile; fileRef = 2DA7F9371AA6B4C4005627AB /* LaunchScreen.xib */; };
		2DA7F9451AA6B4C4005627AB /* MJRefreshExampleTests.m in Sources */ = {isa = PBXBuildFile; fileRef = 2DA7F9441AA6B4C4005627AB /* MJRefreshExampleTests.m */; };
		2DB2EA171BECBE6700D58F6A /* MJRefreshAutoFooter.m in Sources */ = {isa = PBXBuildFile; fileRef = 2DB2E9ED1BECBE6700D58F6A /* MJRefreshAutoFooter.m */; };
		2DB2EA181BECBE6700D58F6A /* MJRefreshBackFooter.m in Sources */ = {isa = PBXBuildFile; fileRef = 2DB2E9EF1BECBE6700D58F6A /* MJRefreshBackFooter.m */; };
		2DB2EA191BECBE6700D58F6A /* MJRefreshComponent.m in Sources */ = {isa = PBXBuildFile; fileRef = 2DB2E9F11BECBE6700D58F6A /* MJRefreshComponent.m */; };
		2DB2EA1A1BECBE6700D58F6A /* MJRefreshFooter.m in Sources */ = {isa = PBXBuildFile; fileRef = 2DB2E9F31BECBE6700D58F6A /* MJRefreshFooter.m */; };
		2DB2EA1B1BECBE6700D58F6A /* MJRefreshHeader.m in Sources */ = {isa = PBXBuildFile; fileRef = 2DB2E9F51BECBE6700D58F6A /* MJRefreshHeader.m */; };
		2DB2EA1C1BECBE6700D58F6A /* MJRefreshAutoGifFooter.m in Sources */ = {isa = PBXBuildFile; fileRef = 2DB2E9FA1BECBE6700D58F6A /* MJRefreshAutoGifFooter.m */; };
		2DB2EA1D1BECBE6700D58F6A /* MJRefreshAutoNormalFooter.m in Sources */ = {isa = PBXBuildFile; fileRef = 2DB2E9FC1BECBE6700D58F6A /* MJRefreshAutoNormalFooter.m */; };
		2DB2EA1E1BECBE6700D58F6A /* MJRefreshAutoStateFooter.m in Sources */ = {isa = PBXBuildFile; fileRef = 2DB2E9FE1BECBE6700D58F6A /* MJRefreshAutoStateFooter.m */; };
		2DB2EA1F1BECBE6700D58F6A /* MJRefreshBackGifFooter.m in Sources */ = {isa = PBXBuildFile; fileRef = 2DB2EA011BECBE6700D58F6A /* MJRefreshBackGifFooter.m */; };
		2DB2EA201BECBE6700D58F6A /* MJRefreshBackNormalFooter.m in Sources */ = {isa = PBXBuildFile; fileRef = 2DB2EA031BECBE6700D58F6A /* MJRefreshBackNormalFooter.m */; };
		2DB2EA211BECBE6700D58F6A /* MJRefreshBackStateFooter.m in Sources */ = {isa = PBXBuildFile; fileRef = 2DB2EA051BECBE6700D58F6A /* MJRefreshBackStateFooter.m */; };
		2DB2EA221BECBE6700D58F6A /* MJRefreshGifHeader.m in Sources */ = {isa = PBXBuildFile; fileRef = 2DB2EA081BECBE6700D58F6A /* MJRefreshGifHeader.m */; };
		2DB2EA231BECBE6700D58F6A /* MJRefreshNormalHeader.m in Sources */ = {isa = PBXBuildFile; fileRef = 2DB2EA0A1BECBE6700D58F6A /* MJRefreshNormalHeader.m */; };
		2DB2EA241BECBE6700D58F6A /* MJRefreshStateHeader.m in Sources */ = {isa = PBXBuildFile; fileRef = 2DB2EA0C1BECBE6700D58F6A /* MJRefreshStateHeader.m */; };
		2DB2EA251BECBE6700D58F6A /* MJRefresh.bundle in Resources */ = {isa = PBXBuildFile; fileRef = 2DB2EA0D1BECBE6700D58F6A /* MJRefresh.bundle */; };
		2DB2EA261BECBE6700D58F6A /* MJRefreshConst.m in Sources */ = {isa = PBXBuildFile; fileRef = 2DB2EA101BECBE6700D58F6A /* MJRefreshConst.m */; };
		2DB2EA271BECBE6700D58F6A /* UIScrollView+MJExtension.m in Sources */ = {isa = PBXBuildFile; fileRef = 2DB2EA121BECBE6700D58F6A /* UIScrollView+MJExtension.m */; };
		2DB2EA281BECBE6700D58F6A /* UIScrollView+MJRefresh.m in Sources */ = {isa = PBXBuildFile; fileRef = 2DB2EA141BECBE6700D58F6A /* UIScrollView+MJRefresh.m */; };
		2DB2EA291BECBE6700D58F6A /* UIView+MJExtension.m in Sources */ = {isa = PBXBuildFile; fileRef = 2DB2EA161BECBE6700D58F6A /* UIView+MJExtension.m */; };
/* End PBXBuildFile section */

/* Begin PBXContainerItemProxy section */
		2DA7F93F1AA6B4C4005627AB /* PBXContainerItemProxy */ = {
			isa = PBXContainerItemProxy;
			containerPortal = 2DA7F91D1AA6B4C4005627AB /* Project object */;
			proxyType = 1;
			remoteGlobalIDString = 2DA7F9241AA6B4C4005627AB;
			remoteInfo = MJRefreshExample;
		};
/* End PBXContainerItemProxy section */

/* Begin PBXFileReference section */
		2D4698841D0EE6A400CB8025 /* NSBundle+MJRefresh.h */ = {isa = PBXFileReference; fileEncoding = 4; lastKnownFileType = sourcecode.c.h; path = "NSBundle+MJRefresh.h"; sourceTree = "<group>"; };
		2D4698851D0EE6A400CB8025 /* NSBundle+MJRefresh.m */ = {isa = PBXFileReference; fileEncoding = 4; lastKnownFileType = sourcecode.c.objc; path = "NSBundle+MJRefresh.m"; sourceTree = "<group>"; };
		2D9BEADF1BB15F4A00AED473 /* UIViewController+Example.h */ = {isa = PBXFileReference; fileEncoding = 4; lastKnownFileType = sourcecode.c.h; path = "UIViewController+Example.h"; sourceTree = "<group>"; };
		2D9BEAE01BB15F4A00AED473 /* UIViewController+Example.m */ = {isa = PBXFileReference; fileEncoding = 4; lastKnownFileType = sourcecode.c.objc; path = "UIViewController+Example.m"; sourceTree = "<group>"; };
		2D9BEAE21BB15F4A00AED473 /* MJChiBaoZiFooter.h */ = {isa = PBXFileReference; fileEncoding = 4; lastKnownFileType = sourcecode.c.h; path = MJChiBaoZiFooter.h; sourceTree = "<group>"; };
		2D9BEAE31BB15F4A00AED473 /* MJChiBaoZiFooter.m */ = {isa = PBXFileReference; fileEncoding = 4; lastKnownFileType = sourcecode.c.objc; path = MJChiBaoZiFooter.m; sourceTree = "<group>"; };
		2D9BEAE41BB15F4A00AED473 /* MJChiBaoZiFooter2.h */ = {isa = PBXFileReference; fileEncoding = 4; lastKnownFileType = sourcecode.c.h; path = MJChiBaoZiFooter2.h; sourceTree = "<group>"; };
		2D9BEAE51BB15F4A00AED473 /* MJChiBaoZiFooter2.m */ = {isa = PBXFileReference; fileEncoding = 4; lastKnownFileType = sourcecode.c.objc; path = MJChiBaoZiFooter2.m; sourceTree = "<group>"; };
		2D9BEAE61BB15F4A00AED473 /* MJChiBaoZiHeader.h */ = {isa = PBXFileReference; fileEncoding = 4; lastKnownFileType = sourcecode.c.h; path = MJChiBaoZiHeader.h; sourceTree = "<group>"; };
		2D9BEAE71BB15F4A00AED473 /* MJChiBaoZiHeader.m */ = {isa = PBXFileReference; fileEncoding = 4; lastKnownFileType = sourcecode.c.objc; path = MJChiBaoZiHeader.m; sourceTree = "<group>"; };
		2D9BEAE81BB15F4A00AED473 /* MJDIYAutoFooter.h */ = {isa = PBXFileReference; fileEncoding = 4; lastKnownFileType = sourcecode.c.h; path = MJDIYAutoFooter.h; sourceTree = "<group>"; };
		2D9BEAE91BB15F4A00AED473 /* MJDIYAutoFooter.m */ = {isa = PBXFileReference; fileEncoding = 4; lastKnownFileType = sourcecode.c.objc; path = MJDIYAutoFooter.m; sourceTree = "<group>"; };
		2D9BEAEA1BB15F4A00AED473 /* MJDIYBackFooter.h */ = {isa = PBXFileReference; fileEncoding = 4; lastKnownFileType = sourcecode.c.h; path = MJDIYBackFooter.h; sourceTree = "<group>"; };
		2D9BEAEB1BB15F4A00AED473 /* MJDIYBackFooter.m */ = {isa = PBXFileReference; fileEncoding = 4; lastKnownFileType = sourcecode.c.objc; path = MJDIYBackFooter.m; sourceTree = "<group>"; };
		2D9BEAEC1BB15F4A00AED473 /* MJDIYHeader.h */ = {isa = PBXFileReference; fileEncoding = 4; lastKnownFileType = sourcecode.c.h; path = MJDIYHeader.h; sourceTree = "<group>"; };
		2D9BEAED1BB15F4A00AED473 /* MJDIYHeader.m */ = {isa = PBXFileReference; fileEncoding = 4; lastKnownFileType = sourcecode.c.objc; path = MJDIYHeader.m; sourceTree = "<group>"; };
		2D9BEAEF1BB15F4A00AED473 /* MJExample.h */ = {isa = PBXFileReference; fileEncoding = 4; lastKnownFileType = sourcecode.c.h; path = MJExample.h; sourceTree = "<group>"; };
		2D9BEAF01BB15F4A00AED473 /* MJExample.m */ = {isa = PBXFileReference; fileEncoding = 4; lastKnownFileType = sourcecode.c.objc; path = MJExample.m; sourceTree = "<group>"; };
		2D9BEAF11BB15F4A00AED473 /* MJExampleViewController.h */ = {isa = PBXFileReference; fileEncoding = 4; lastKnownFileType = sourcecode.c.h; path = MJExampleViewController.h; sourceTree = "<group>"; };
		2D9BEAF21BB15F4A00AED473 /* MJExampleViewController.m */ = {isa = PBXFileReference; fileEncoding = 4; lastKnownFileType = sourcecode.c.objc; path = MJExampleViewController.m; sourceTree = "<group>"; };
		2D9BEAF31BB15F4A00AED473 /* MJExampleWindow.h */ = {isa = PBXFileReference; fileEncoding = 4; lastKnownFileType = sourcecode.c.h; path = MJExampleWindow.h; sourceTree = "<group>"; };
		2D9BEAF41BB15F4A00AED473 /* MJExampleWindow.m */ = {isa = PBXFileReference; fileEncoding = 4; lastKnownFileType = sourcecode.c.objc; path = MJExampleWindow.m; sourceTree = "<group>"; };
		2D9BEAF51BB15F4A00AED473 /* MJNavigationController.h */ = {isa = PBXFileReference; fileEncoding = 4; lastKnownFileType = sourcecode.c.h; path = MJNavigationController.h; sourceTree = "<group>"; };
		2D9BEAF61BB15F4A00AED473 /* MJNavigationController.m */ = {isa = PBXFileReference; fileEncoding = 4; lastKnownFileType = sourcecode.c.objc; path = MJNavigationController.m; sourceTree = "<group>"; };
		2D9BEAF71BB15F4A00AED473 /* MJSingleViewController.h */ = {isa = PBXFileReference; fileEncoding = 4; lastKnownFileType = sourcecode.c.h; path = MJSingleViewController.h; sourceTree = "<group>"; };
		2D9BEAF81BB15F4A00AED473 /* MJSingleViewController.m */ = {isa = PBXFileReference; fileEncoding = 4; lastKnownFileType = sourcecode.c.objc; path = MJSingleViewController.m; sourceTree = "<group>"; };
		2D9BEAF91BB15F4A00AED473 /* MJTempViewController.h */ = {isa = PBXFileReference; fileEncoding = 4; lastKnownFileType = sourcecode.c.h; path = MJTempViewController.h; sourceTree = "<group>"; };
		2D9BEAFA1BB15F4A00AED473 /* MJTempViewController.m */ = {isa = PBXFileReference; fileEncoding = 4; lastKnownFileType = sourcecode.c.objc; path = MJTempViewController.m; sourceTree = "<group>"; };
		2D9BEAFC1BB15F4A00AED473 /* AppDelegate.h */ = {isa = PBXFileReference; fileEncoding = 4; lastKnownFileType = sourcecode.c.h; path = AppDelegate.h; sourceTree = "<group>"; };
		2D9BEAFD1BB15F4A00AED473 /* AppDelegate.m */ = {isa = PBXFileReference; fileEncoding = 4; lastKnownFileType = sourcecode.c.objc; path = AppDelegate.m; sourceTree = "<group>"; };
		2D9BEAFF1BB15F4A00AED473 /* MJCollectionViewController.h */ = {isa = PBXFileReference; fileEncoding = 4; lastKnownFileType = sourcecode.c.h; path = MJCollectionViewController.h; sourceTree = "<group>"; };
		2D9BEB001BB15F4A00AED473 /* MJCollectionViewController.m */ = {isa = PBXFileReference; fileEncoding = 4; lastKnownFileType = sourcecode.c.objc; path = MJCollectionViewController.m; sourceTree = "<group>"; };
		2D9BEB011BB15F4A00AED473 /* MJTableViewController.h */ = {isa = PBXFileReference; fileEncoding = 4; lastKnownFileType = sourcecode.c.h; path = MJTableViewController.h; sourceTree = "<group>"; };
		2D9BEB021BB15F4A00AED473 /* MJTableViewController.m */ = {isa = PBXFileReference; fileEncoding = 4; lastKnownFileType = sourcecode.c.objc; path = MJTableViewController.m; sourceTree = "<group>"; };
		2D9BEB031BB15F4A00AED473 /* MJTestViewController.h */ = {isa = PBXFileReference; fileEncoding = 4; lastKnownFileType = sourcecode.c.h; path = MJTestViewController.h; sourceTree = "<group>"; };
		2D9BEB041BB15F4A00AED473 /* MJTestViewController.m */ = {isa = PBXFileReference; fileEncoding = 4; lastKnownFileType = sourcecode.c.objc; path = MJTestViewController.m; sourceTree = "<group>"; };
		2D9BEB051BB15F4A00AED473 /* MJTestViewController.xib */ = {isa = PBXFileReference; fileEncoding = 4; lastKnownFileType = file.xib; path = MJTestViewController.xib; sourceTree = "<group>"; };
		2D9BEB061BB15F4A00AED473 /* MJWebViewViewController.h */ = {isa = PBXFileReference; fileEncoding = 4; lastKnownFileType = sourcecode.c.h; path = MJWebViewViewController.h; sourceTree = "<group>"; };
		2D9BEB071BB15F4A00AED473 /* MJWebViewViewController.m */ = {isa = PBXFileReference; fileEncoding = 4; lastKnownFileType = sourcecode.c.objc; path = MJWebViewViewController.m; sourceTree = "<group>"; };
		2D9BEB081BB15F4A00AED473 /* MJWebViewViewController.xib */ = {isa = PBXFileReference; fileEncoding = 4; lastKnownFileType = file.xib; path = MJWebViewViewController.xib; sourceTree = "<group>"; };
		2DA7F9251AA6B4C4005627AB /* MJRefreshExample.app */ = {isa = PBXFileReference; explicitFileType = wrapper.application; includeInIndex = 0; path = MJRefreshExample.app; sourceTree = BUILT_PRODUCTS_DIR; };
		2DA7F9291AA6B4C4005627AB /* Info.plist */ = {isa = PBXFileReference; lastKnownFileType = text.plist.xml; path = Info.plist; sourceTree = "<group>"; };
		2DA7F92A1AA6B4C4005627AB /* main.m */ = {isa = PBXFileReference; lastKnownFileType = sourcecode.c.objc; path = main.m; sourceTree = "<group>"; };
		2DA7F9331AA6B4C4005627AB /* Base */ = {isa = PBXFileReference; lastKnownFileType = file.storyboard; name = Base; path = Base.lproj/Main.storyboard; sourceTree = "<group>"; };
		2DA7F9351AA6B4C4005627AB /* Images.xcassets */ = {isa = PBXFileReference; lastKnownFileType = folder.assetcatalog; path = Images.xcassets; sourceTree = "<group>"; };
		2DA7F9381AA6B4C4005627AB /* Base */ = {isa = PBXFileReference; lastKnownFileType = file.xib; name = Base; path = Base.lproj/LaunchScreen.xib; sourceTree = "<group>"; };
		2DA7F93E1AA6B4C4005627AB /* MJRefreshExampleTests.xctest */ = {isa = PBXFileReference; explicitFileType = wrapper.cfbundle; includeInIndex = 0; path = MJRefreshExampleTests.xctest; sourceTree = BUILT_PRODUCTS_DIR; };
		2DA7F9431AA6B4C4005627AB /* Info.plist */ = {isa = PBXFileReference; lastKnownFileType = text.plist.xml; path = Info.plist; sourceTree = "<group>"; };
		2DA7F9441AA6B4C4005627AB /* MJRefreshExampleTests.m */ = {isa = PBXFileReference; lastKnownFileType = sourcecode.c.objc; path = MJRefreshExampleTests.m; sourceTree = "<group>"; };
		2DAA837B1BB1685300B62152 /* PrefixHeader.pch */ = {isa = PBXFileReference; lastKnownFileType = sourcecode.c.h; path = PrefixHeader.pch; sourceTree = "<group>"; };
		2DB2E9EC1BECBE6700D58F6A /* MJRefreshAutoFooter.h */ = {isa = PBXFileReference; fileEncoding = 4; lastKnownFileType = sourcecode.c.h; path = MJRefreshAutoFooter.h; sourceTree = "<group>"; };
		2DB2E9ED1BECBE6700D58F6A /* MJRefreshAutoFooter.m */ = {isa = PBXFileReference; fileEncoding = 4; lastKnownFileType = sourcecode.c.objc; path = MJRefreshAutoFooter.m; sourceTree = "<group>"; };
		2DB2E9EE1BECBE6700D58F6A /* MJRefreshBackFooter.h */ = {isa = PBXFileReference; fileEncoding = 4; lastKnownFileType = sourcecode.c.h; path = MJRefreshBackFooter.h; sourceTree = "<group>"; };
		2DB2E9EF1BECBE6700D58F6A /* MJRefreshBackFooter.m */ = {isa = PBXFileReference; fileEncoding = 4; lastKnownFileType = sourcecode.c.objc; path = MJRefreshBackFooter.m; sourceTree = "<group>"; };
		2DB2E9F01BECBE6700D58F6A /* MJRefreshComponent.h */ = {isa = PBXFileReference; fileEncoding = 4; lastKnownFileType = sourcecode.c.h; path = MJRefreshComponent.h; sourceTree = "<group>"; };
		2DB2E9F11BECBE6700D58F6A /* MJRefreshComponent.m */ = {isa = PBXFileReference; fileEncoding = 4; lastKnownFileType = sourcecode.c.objc; path = MJRefreshComponent.m; sourceTree = "<group>"; };
		2DB2E9F21BECBE6700D58F6A /* MJRefreshFooter.h */ = {isa = PBXFileReference; fileEncoding = 4; lastKnownFileType = sourcecode.c.h; path = MJRefreshFooter.h; sourceTree = "<group>"; };
		2DB2E9F31BECBE6700D58F6A /* MJRefreshFooter.m */ = {isa = PBXFileReference; fileEncoding = 4; lastKnownFileType = sourcecode.c.objc; path = MJRefreshFooter.m; sourceTree = "<group>"; };
		2DB2E9F41BECBE6700D58F6A /* MJRefreshHeader.h */ = {isa = PBXFileReference; fileEncoding = 4; lastKnownFileType = sourcecode.c.h; path = MJRefreshHeader.h; sourceTree = "<group>"; };
		2DB2E9F51BECBE6700D58F6A /* MJRefreshHeader.m */ = {isa = PBXFileReference; fileEncoding = 4; lastKnownFileType = sourcecode.c.objc; path = MJRefreshHeader.m; sourceTree = "<group>"; };
		2DB2E9F91BECBE6700D58F6A /* MJRefreshAutoGifFooter.h */ = {isa = PBXFileReference; fileEncoding = 4; lastKnownFileType = sourcecode.c.h; path = MJRefreshAutoGifFooter.h; sourceTree = "<group>"; };
		2DB2E9FA1BECBE6700D58F6A /* MJRefreshAutoGifFooter.m */ = {isa = PBXFileReference; fileEncoding = 4; lastKnownFileType = sourcecode.c.objc; path = MJRefreshAutoGifFooter.m; sourceTree = "<group>"; };
		2DB2E9FB1BECBE6700D58F6A /* MJRefreshAutoNormalFooter.h */ = {isa = PBXFileReference; fileEncoding = 4; lastKnownFileType = sourcecode.c.h; path = MJRefreshAutoNormalFooter.h; sourceTree = "<group>"; };
		2DB2E9FC1BECBE6700D58F6A /* MJRefreshAutoNormalFooter.m */ = {isa = PBXFileReference; fileEncoding = 4; lastKnownFileType = sourcecode.c.objc; path = MJRefreshAutoNormalFooter.m; sourceTree = "<group>"; };
		2DB2E9FD1BECBE6700D58F6A /* MJRefreshAutoStateFooter.h */ = {isa = PBXFileReference; fileEncoding = 4; lastKnownFileType = sourcecode.c.h; path = MJRefreshAutoStateFooter.h; sourceTree = "<group>"; };
		2DB2E9FE1BECBE6700D58F6A /* MJRefreshAutoStateFooter.m */ = {isa = PBXFileReference; fileEncoding = 4; lastKnownFileType = sourcecode.c.objc; path = MJRefreshAutoStateFooter.m; sourceTree = "<group>"; };
		2DB2EA001BECBE6700D58F6A /* MJRefreshBackGifFooter.h */ = {isa = PBXFileReference; fileEncoding = 4; lastKnownFileType = sourcecode.c.h; path = MJRefreshBackGifFooter.h; sourceTree = "<group>"; };
		2DB2EA011BECBE6700D58F6A /* MJRefreshBackGifFooter.m */ = {isa = PBXFileReference; fileEncoding = 4; lastKnownFileType = sourcecode.c.objc; path = MJRefreshBackGifFooter.m; sourceTree = "<group>"; };
		2DB2EA021BECBE6700D58F6A /* MJRefreshBackNormalFooter.h */ = {isa = PBXFileReference; fileEncoding = 4; lastKnownFileType = sourcecode.c.h; path = MJRefreshBackNormalFooter.h; sourceTree = "<group>"; };
		2DB2EA031BECBE6700D58F6A /* MJRefreshBackNormalFooter.m */ = {isa = PBXFileReference; fileEncoding = 4; lastKnownFileType = sourcecode.c.objc; path = MJRefreshBackNormalFooter.m; sourceTree = "<group>"; };
		2DB2EA041BECBE6700D58F6A /* MJRefreshBackStateFooter.h */ = {isa = PBXFileReference; fileEncoding = 4; lastKnownFileType = sourcecode.c.h; path = MJRefreshBackStateFooter.h; sourceTree = "<group>"; };
		2DB2EA051BECBE6700D58F6A /* MJRefreshBackStateFooter.m */ = {isa = PBXFileReference; fileEncoding = 4; lastKnownFileType = sourcecode.c.objc; path = MJRefreshBackStateFooter.m; sourceTree = "<group>"; };
		2DB2EA071BECBE6700D58F6A /* MJRefreshGifHeader.h */ = {isa = PBXFileReference; fileEncoding = 4; lastKnownFileType = sourcecode.c.h; path = MJRefreshGifHeader.h; sourceTree = "<group>"; };
		2DB2EA081BECBE6700D58F6A /* MJRefreshGifHeader.m */ = {isa = PBXFileReference; fileEncoding = 4; lastKnownFileType = sourcecode.c.objc; path = MJRefreshGifHeader.m; sourceTree = "<group>"; };
		2DB2EA091BECBE6700D58F6A /* MJRefreshNormalHeader.h */ = {isa = PBXFileReference; fileEncoding = 4; lastKnownFileType = sourcecode.c.h; path = MJRefreshNormalHeader.h; sourceTree = "<group>"; };
		2DB2EA0A1BECBE6700D58F6A /* MJRefreshNormalHeader.m */ = {isa = PBXFileReference; fileEncoding = 4; lastKnownFileType = sourcecode.c.objc; path = MJRefreshNormalHeader.m; sourceTree = "<group>"; };
		2DB2EA0B1BECBE6700D58F6A /* MJRefreshStateHeader.h */ = {isa = PBXFileReference; fileEncoding = 4; lastKnownFileType = sourcecode.c.h; path = MJRefreshStateHeader.h; sourceTree = "<group>"; };
		2DB2EA0C1BECBE6700D58F6A /* MJRefreshStateHeader.m */ = {isa = PBXFileReference; fileEncoding = 4; lastKnownFileType = sourcecode.c.objc; path = MJRefreshStateHeader.m; sourceTree = "<group>"; };
		2DB2EA0D1BECBE6700D58F6A /* MJRefresh.bundle */ = {isa = PBXFileReference; lastKnownFileType = "wrapper.plug-in"; path = MJRefresh.bundle; sourceTree = "<group>"; };
		2DB2EA0E1BECBE6700D58F6A /* MJRefresh.h */ = {isa = PBXFileReference; fileEncoding = 4; lastKnownFileType = sourcecode.c.h; path = MJRefresh.h; sourceTree = "<group>"; };
		2DB2EA0F1BECBE6700D58F6A /* MJRefreshConst.h */ = {isa = PBXFileReference; fileEncoding = 4; lastKnownFileType = sourcecode.c.h; path = MJRefreshConst.h; sourceTree = "<group>"; };
		2DB2EA101BECBE6700D58F6A /* MJRefreshConst.m */ = {isa = PBXFileReference; fileEncoding = 4; lastKnownFileType = sourcecode.c.objc; path = MJRefreshConst.m; sourceTree = "<group>"; };
		2DB2EA111BECBE6700D58F6A /* UIScrollView+MJExtension.h */ = {isa = PBXFileReference; fileEncoding = 4; lastKnownFileType = sourcecode.c.h; path = "UIScrollView+MJExtension.h"; sourceTree = "<group>"; };
		2DB2EA121BECBE6700D58F6A /* UIScrollView+MJExtension.m */ = {isa = PBXFileReference; fileEncoding = 4; lastKnownFileType = sourcecode.c.objc; path = "UIScrollView+MJExtension.m"; sourceTree = "<group>"; };
		2DB2EA131BECBE6700D58F6A /* UIScrollView+MJRefresh.h */ = {isa = PBXFileReference; fileEncoding = 4; lastKnownFileType = sourcecode.c.h; path = "UIScrollView+MJRefresh.h"; sourceTree = "<group>"; };
		2DB2EA141BECBE6700D58F6A /* UIScrollView+MJRefresh.m */ = {isa = PBXFileReference; fileEncoding = 4; lastKnownFileType = sourcecode.c.objc; path = "UIScrollView+MJRefresh.m"; sourceTree = "<group>"; };
		2DB2EA151BECBE6700D58F6A /* UIView+MJExtension.h */ = {isa = PBXFileReference; fileEncoding = 4; lastKnownFileType = sourcecode.c.h; path = "UIView+MJExtension.h"; sourceTree = "<group>"; };
		2DB2EA161BECBE6700D58F6A /* UIView+MJExtension.m */ = {isa = PBXFileReference; fileEncoding = 4; lastKnownFileType = sourcecode.c.objc; path = "UIView+MJExtension.m"; sourceTree = "<group>"; };
/* End PBXFileReference section */

/* Begin PBXFrameworksBuildPhase section */
		2DA7F9221AA6B4C4005627AB /* Frameworks */ = {
			isa = PBXFrameworksBuildPhase;
			buildActionMask = 2147483647;
			files = (
			);
			runOnlyForDeploymentPostprocessing = 0;
		};
		2DA7F93B1AA6B4C4005627AB /* Frameworks */ = {
			isa = PBXFrameworksBuildPhase;
			buildActionMask = 2147483647;
			files = (
			);
			runOnlyForDeploymentPostprocessing = 0;
		};
/* End PBXFrameworksBuildPhase section */

/* Begin PBXGroup section */
		2D9BEADE1BB15F4A00AED473 /* Category */ = {
			isa = PBXGroup;
			children = (
				2D9BEADF1BB15F4A00AED473 /* UIViewController+Example.h */,
				2D9BEAE01BB15F4A00AED473 /* UIViewController+Example.m */,
			);
			path = Category;
			sourceTree = "<group>";
		};
		2D9BEAE11BB15F4A00AED473 /* DIY */ = {
			isa = PBXGroup;
			children = (
				2D9BEAE21BB15F4A00AED473 /* MJChiBaoZiFooter.h */,
				2D9BEAE31BB15F4A00AED473 /* MJChiBaoZiFooter.m */,
				2D9BEAE41BB15F4A00AED473 /* MJChiBaoZiFooter2.h */,
				2D9BEAE51BB15F4A00AED473 /* MJChiBaoZiFooter2.m */,
				2D9BEAE61BB15F4A00AED473 /* MJChiBaoZiHeader.h */,
				2D9BEAE71BB15F4A00AED473 /* MJChiBaoZiHeader.m */,
				2D9BEAE81BB15F4A00AED473 /* MJDIYAutoFooter.h */,
				2D9BEAE91BB15F4A00AED473 /* MJDIYAutoFooter.m */,
				2D9BEAEA1BB15F4A00AED473 /* MJDIYBackFooter.h */,
				2D9BEAEB1BB15F4A00AED473 /* MJDIYBackFooter.m */,
				2D9BEAEC1BB15F4A00AED473 /* MJDIYHeader.h */,
				2D9BEAED1BB15F4A00AED473 /* MJDIYHeader.m */,
			);
			path = DIY;
			sourceTree = "<group>";
		};
		2D9BEAEE1BB15F4A00AED473 /* First */ = {
			isa = PBXGroup;
			children = (
				2D9BEAEF1BB15F4A00AED473 /* MJExample.h */,
				2D9BEAF01BB15F4A00AED473 /* MJExample.m */,
				2D9BEAF11BB15F4A00AED473 /* MJExampleViewController.h */,
				2D9BEAF21BB15F4A00AED473 /* MJExampleViewController.m */,
				2D9BEAF31BB15F4A00AED473 /* MJExampleWindow.h */,
				2D9BEAF41BB15F4A00AED473 /* MJExampleWindow.m */,
				2D9BEAF51BB15F4A00AED473 /* MJNavigationController.h */,
				2D9BEAF61BB15F4A00AED473 /* MJNavigationController.m */,
				2D9BEAF71BB15F4A00AED473 /* MJSingleViewController.h */,
				2D9BEAF81BB15F4A00AED473 /* MJSingleViewController.m */,
				2D9BEAF91BB15F4A00AED473 /* MJTempViewController.h */,
				2D9BEAFA1BB15F4A00AED473 /* MJTempViewController.m */,
			);
			path = First;
			sourceTree = "<group>";
		};
		2D9BEAFB1BB15F4A00AED473 /* Other */ = {
			isa = PBXGroup;
			children = (
				2D9BEAFC1BB15F4A00AED473 /* AppDelegate.h */,
				2D9BEAFD1BB15F4A00AED473 /* AppDelegate.m */,
			);
			path = Other;
			sourceTree = "<group>";
		};
		2D9BEAFE1BB15F4A00AED473 /* Second */ = {
			isa = PBXGroup;
			children = (
				2D9BEAFF1BB15F4A00AED473 /* MJCollectionViewController.h */,
				2D9BEB001BB15F4A00AED473 /* MJCollectionViewController.m */,
				2D9BEB011BB15F4A00AED473 /* MJTableViewController.h */,
				2D9BEB021BB15F4A00AED473 /* MJTableViewController.m */,
				2D9BEB031BB15F4A00AED473 /* MJTestViewController.h */,
				2D9BEB041BB15F4A00AED473 /* MJTestViewController.m */,
				2D9BEB051BB15F4A00AED473 /* MJTestViewController.xib */,
				2D9BEB061BB15F4A00AED473 /* MJWebViewViewController.h */,
				2D9BEB071BB15F4A00AED473 /* MJWebViewViewController.m */,
				2D9BEB081BB15F4A00AED473 /* MJWebViewViewController.xib */,
			);
			path = Second;
			sourceTree = "<group>";
		};
		2DA7F91C1AA6B4C4005627AB = {
			isa = PBXGroup;
			children = (
				2DA7F9271AA6B4C4005627AB /* MJRefreshExample */,
				2DA7F9411AA6B4C4005627AB /* MJRefreshExampleTests */,
				2DA7F9261AA6B4C4005627AB /* Products */,
			);
			sourceTree = "<group>";
		};
		2DA7F9261AA6B4C4005627AB /* Products */ = {
			isa = PBXGroup;
			children = (
				2DA7F9251AA6B4C4005627AB /* MJRefreshExample.app */,
				2DA7F93E1AA6B4C4005627AB /* MJRefreshExampleTests.xctest */,
			);
			name = Products;
			sourceTree = "<group>";
		};
		2DA7F9271AA6B4C4005627AB /* MJRefreshExample */ = {
			isa = PBXGroup;
			children = (
				2DB2E9EA1BECBE6700D58F6A /* MJRefresh */,
				2DA7F94E1AA6B51C005627AB /* Classes */,
				2DA7F9281AA6B4C4005627AB /* Supporting Files */,
			);
			path = MJRefreshExample;
			sourceTree = "<group>";
		};
		2DA7F9281AA6B4C4005627AB /* Supporting Files */ = {
			isa = PBXGroup;
			children = (
				2DA7F9321AA6B4C4005627AB /* Main.storyboard */,
				2DA7F9351AA6B4C4005627AB /* Images.xcassets */,
				2DA7F9371AA6B4C4005627AB /* LaunchScreen.xib */,
				2DA7F9291AA6B4C4005627AB /* Info.plist */,
				2DA7F92A1AA6B4C4005627AB /* main.m */,
				2DAA837B1BB1685300B62152 /* PrefixHeader.pch */,
			);
			name = "Supporting Files";
			sourceTree = "<group>";
		};
		2DA7F9411AA6B4C4005627AB /* MJRefreshExampleTests */ = {
			isa = PBXGroup;
			children = (
				2DA7F9441AA6B4C4005627AB /* MJRefreshExampleTests.m */,
				2DA7F9421AA6B4C4005627AB /* Supporting Files */,
			);
			path = MJRefreshExampleTests;
			sourceTree = "<group>";
		};
		2DA7F9421AA6B4C4005627AB /* Supporting Files */ = {
			isa = PBXGroup;
			children = (
				2DA7F9431AA6B4C4005627AB /* Info.plist */,
			);
			name = "Supporting Files";
			sourceTree = "<group>";
		};
		2DA7F94E1AA6B51C005627AB /* Classes */ = {
			isa = PBXGroup;
			children = (
				2D9BEADE1BB15F4A00AED473 /* Category */,
				2D9BEAFB1BB15F4A00AED473 /* Other */,
				2D9BEAE11BB15F4A00AED473 /* DIY */,
				2D9BEAEE1BB15F4A00AED473 /* First */,
				2D9BEAFE1BB15F4A00AED473 /* Second */,
			);
			path = Classes;
			sourceTree = "<group>";
		};
		2DB2E9EA1BECBE6700D58F6A /* MJRefresh */ = {
			isa = PBXGroup;
			children = (
				2DB2E9EB1BECBE6700D58F6A /* Base */,
				2DB2E9F61BECBE6700D58F6A /* Custom */,
				2DB2EA0D1BECBE6700D58F6A /* MJRefresh.bundle */,
				2DB2EA0E1BECBE6700D58F6A /* MJRefresh.h */,
				2DB2EA0F1BECBE6700D58F6A /* MJRefreshConst.h */,
				2DB2EA101BECBE6700D58F6A /* MJRefreshConst.m */,
				2DB2EA111BECBE6700D58F6A /* UIScrollView+MJExtension.h */,
				2DB2EA121BECBE6700D58F6A /* UIScrollView+MJExtension.m */,
				2DB2EA131BECBE6700D58F6A /* UIScrollView+MJRefresh.h */,
				2DB2EA141BECBE6700D58F6A /* UIScrollView+MJRefresh.m */,
				2DB2EA151BECBE6700D58F6A /* UIView+MJExtension.h */,
				2DB2EA161BECBE6700D58F6A /* UIView+MJExtension.m */,
				2D4698841D0EE6A400CB8025 /* NSBundle+MJRefresh.h */,
				2D4698851D0EE6A400CB8025 /* NSBundle+MJRefresh.m */,
			);
			path = MJRefresh;
			sourceTree = SOURCE_ROOT;
		};
		2DB2E9EB1BECBE6700D58F6A /* Base */ = {
			isa = PBXGroup;
			children = (
				2DB2E9EC1BECBE6700D58F6A /* MJRefreshAutoFooter.h */,
				2DB2E9ED1BECBE6700D58F6A /* MJRefreshAutoFooter.m */,
				2DB2E9EE1BECBE6700D58F6A /* MJRefreshBackFooter.h */,
				2DB2E9EF1BECBE6700D58F6A /* MJRefreshBackFooter.m */,
				2DB2E9F01BECBE6700D58F6A /* MJRefreshComponent.h */,
				2DB2E9F11BECBE6700D58F6A /* MJRefreshComponent.m */,
				2DB2E9F21BECBE6700D58F6A /* MJRefreshFooter.h */,
				2DB2E9F31BECBE6700D58F6A /* MJRefreshFooter.m */,
				2DB2E9F41BECBE6700D58F6A /* MJRefreshHeader.h */,
				2DB2E9F51BECBE6700D58F6A /* MJRefreshHeader.m */,
			);
			path = Base;
			sourceTree = "<group>";
		};
		2DB2E9F61BECBE6700D58F6A /* Custom */ = {
			isa = PBXGroup;
			children = (
				2DB2E9F71BECBE6700D58F6A /* Footer */,
				2DB2EA061BECBE6700D58F6A /* Header */,
			);
			path = Custom;
			sourceTree = "<group>";
		};
		2DB2E9F71BECBE6700D58F6A /* Footer */ = {
			isa = PBXGroup;
			children = (
				2DB2E9F81BECBE6700D58F6A /* Auto */,
				2DB2E9FF1BECBE6700D58F6A /* Back */,
			);
			path = Footer;
			sourceTree = "<group>";
		};
		2DB2E9F81BECBE6700D58F6A /* Auto */ = {
			isa = PBXGroup;
			children = (
				2DB2E9F91BECBE6700D58F6A /* MJRefreshAutoGifFooter.h */,
				2DB2E9FA1BECBE6700D58F6A /* MJRefreshAutoGifFooter.m */,
				2DB2E9FB1BECBE6700D58F6A /* MJRefreshAutoNormalFooter.h */,
				2DB2E9FC1BECBE6700D58F6A /* MJRefreshAutoNormalFooter.m */,
				2DB2E9FD1BECBE6700D58F6A /* MJRefreshAutoStateFooter.h */,
				2DB2E9FE1BECBE6700D58F6A /* MJRefreshAutoStateFooter.m */,
			);
			path = Auto;
			sourceTree = "<group>";
		};
		2DB2E9FF1BECBE6700D58F6A /* Back */ = {
			isa = PBXGroup;
			children = (
				2DB2EA001BECBE6700D58F6A /* MJRefreshBackGifFooter.h */,
				2DB2EA011BECBE6700D58F6A /* MJRefreshBackGifFooter.m */,
				2DB2EA021BECBE6700D58F6A /* MJRefreshBackNormalFooter.h */,
				2DB2EA031BECBE6700D58F6A /* MJRefreshBackNormalFooter.m */,
				2DB2EA041BECBE6700D58F6A /* MJRefreshBackStateFooter.h */,
				2DB2EA051BECBE6700D58F6A /* MJRefreshBackStateFooter.m */,
			);
			path = Back;
			sourceTree = "<group>";
		};
		2DB2EA061BECBE6700D58F6A /* Header */ = {
			isa = PBXGroup;
			children = (
				2DB2EA071BECBE6700D58F6A /* MJRefreshGifHeader.h */,
				2DB2EA081BECBE6700D58F6A /* MJRefreshGifHeader.m */,
				2DB2EA091BECBE6700D58F6A /* MJRefreshNormalHeader.h */,
				2DB2EA0A1BECBE6700D58F6A /* MJRefreshNormalHeader.m */,
				2DB2EA0B1BECBE6700D58F6A /* MJRefreshStateHeader.h */,
				2DB2EA0C1BECBE6700D58F6A /* MJRefreshStateHeader.m */,
			);
			path = Header;
			sourceTree = "<group>";
		};
/* End PBXGroup section */

/* Begin PBXNativeTarget section */
		2DA7F9241AA6B4C4005627AB /* MJRefreshExample */ = {
			isa = PBXNativeTarget;
			buildConfigurationList = 2DA7F9481AA6B4C4005627AB /* Build configuration list for PBXNativeTarget "MJRefreshExample" */;
			buildPhases = (
				2DA7F9211AA6B4C4005627AB /* Sources */,
				2DA7F9221AA6B4C4005627AB /* Frameworks */,
				2DA7F9231AA6B4C4005627AB /* Resources */,
			);
			buildRules = (
			);
			dependencies = (
			);
			name = MJRefreshExample;
			productName = MJRefreshExample;
			productReference = 2DA7F9251AA6B4C4005627AB /* MJRefreshExample.app */;
			productType = "com.apple.product-type.application";
		};
		2DA7F93D1AA6B4C4005627AB /* MJRefreshExampleTests */ = {
			isa = PBXNativeTarget;
			buildConfigurationList = 2DA7F94B1AA6B4C4005627AB /* Build configuration list for PBXNativeTarget "MJRefreshExampleTests" */;
			buildPhases = (
				2DA7F93A1AA6B4C4005627AB /* Sources */,
				2DA7F93B1AA6B4C4005627AB /* Frameworks */,
				2DA7F93C1AA6B4C4005627AB /* Resources */,
			);
			buildRules = (
			);
			dependencies = (
				2DA7F9401AA6B4C4005627AB /* PBXTargetDependency */,
			);
			name = MJRefreshExampleTests;
			productName = MJRefreshExampleTests;
			productReference = 2DA7F93E1AA6B4C4005627AB /* MJRefreshExampleTests.xctest */;
			productType = "com.apple.product-type.bundle.unit-test";
		};
/* End PBXNativeTarget section */

/* Begin PBXProject section */
		2DA7F91D1AA6B4C4005627AB /* Project object */ = {
			isa = PBXProject;
			attributes = {
				CLASSPREFIX = MJ;
				LastUpgradeCheck = 0700;
				ORGANIZATIONNAME = "小码哥";
				TargetAttributes = {
					2DA7F9241AA6B4C4005627AB = {
						CreatedOnToolsVersion = 6.1;
					};
					2DA7F93D1AA6B4C4005627AB = {
						CreatedOnToolsVersion = 6.1;
						TestTargetID = 2DA7F9241AA6B4C4005627AB;
					};
				};
			};
			buildConfigurationList = 2DA7F9201AA6B4C4005627AB /* Build configuration list for PBXProject "MJRefreshExample" */;
			compatibilityVersion = "Xcode 3.2";
			developmentRegion = English;
			hasScannedForEncodings = 0;
			knownRegions = (
				en,
				Base,
			);
			mainGroup = 2DA7F91C1AA6B4C4005627AB;
			productRefGroup = 2DA7F9261AA6B4C4005627AB /* Products */;
			projectDirPath = "";
			projectRoot = "";
			targets = (
				2DA7F9241AA6B4C4005627AB /* MJRefreshExample */,
				2DA7F93D1AA6B4C4005627AB /* MJRefreshExampleTests */,
			);
		};
/* End PBXProject section */

/* Begin PBXResourcesBuildPhase section */
		2DA7F9231AA6B4C4005627AB /* Resources */ = {
			isa = PBXResourcesBuildPhase;
			buildActionMask = 2147483647;
			files = (
				2DA7F9341AA6B4C4005627AB /* Main.storyboard in Resources */,
				2D9BEB1C1BB15F4A00AED473 /* MJWebViewViewController.xib in Resources */,
				2DB2EA251BECBE6700D58F6A /* MJRefresh.bundle in Resources */,
				2DA7F9391AA6B4C4005627AB /* LaunchScreen.xib in Resources */,
				2D9BEB1A1BB15F4A00AED473 /* MJTestViewController.xib in Resources */,
				2DA7F9361AA6B4C4005627AB /* Images.xcassets in Resources */,
			);
			runOnlyForDeploymentPostprocessing = 0;
		};
		2DA7F93C1AA6B4C4005627AB /* Resources */ = {
			isa = PBXResourcesBuildPhase;
			buildActionMask = 2147483647;
			files = (
			);
			runOnlyForDeploymentPostprocessing = 0;
		};
/* End PBXResourcesBuildPhase section */

/* Begin PBXSourcesBuildPhase section */
		2DA7F9211AA6B4C4005627AB /* Sources */ = {
			isa = PBXSourcesBuildPhase;
			buildActionMask = 2147483647;
			files = (
				2DB2EA181BECBE6700D58F6A /* MJRefreshBackFooter.m in Sources */,
				2D4698861D0EE6A400CB8025 /* NSBundle+MJRefresh.m in Sources */,
				2DB2EA1A1BECBE6700D58F6A /* MJRefreshFooter.m in Sources */,
				2D9BEB0F1BB15F4A00AED473 /* MJDIYHeader.m in Sources */,
				2D9BEB181BB15F4A00AED473 /* MJTableViewController.m in Sources */,
				2DB2EA261BECBE6700D58F6A /* MJRefreshConst.m in Sources */,
				2D9BEB0A1BB15F4A00AED473 /* MJChiBaoZiFooter.m in Sources */,
				2D9BEB121BB15F4A00AED473 /* MJExampleWindow.m in Sources */,
				2DB2EA221BECBE6700D58F6A /* MJRefreshGifHeader.m in Sources */,
				2D9BEB131BB15F4A00AED473 /* MJNavigationController.m in Sources */,
				2DB2EA271BECBE6700D58F6A /* UIScrollView+MJExtension.m in Sources */,
				2DB2EA1F1BECBE6700D58F6A /* MJRefreshBackGifFooter.m in Sources */,
				2DB2EA1C1BECBE6700D58F6A /* MJRefreshAutoGifFooter.m in Sources */,
				2DB2EA231BECBE6700D58F6A /* MJRefreshNormalHeader.m in Sources */,
				2DB2EA191BECBE6700D58F6A /* MJRefreshComponent.m in Sources */,
				2D9BEB0E1BB15F4A00AED473 /* MJDIYBackFooter.m in Sources */,
				2D9BEB161BB15F4A00AED473 /* AppDelegate.m in Sources */,
				2DB2EA291BECBE6700D58F6A /* UIView+MJExtension.m in Sources */,
				2D9BEB141BB15F4A00AED473 /* MJSingleViewController.m in Sources */,
				2D9BEB0D1BB15F4A00AED473 /* MJDIYAutoFooter.m in Sources */,
				2D9BEB1B1BB15F4A00AED473 /* MJWebViewViewController.m in Sources */,
				2DB2EA171BECBE6700D58F6A /* MJRefreshAutoFooter.m in Sources */,
				2D9BEB101BB15F4A00AED473 /* MJExample.m in Sources */,
				2DB2EA201BECBE6700D58F6A /* MJRefreshBackNormalFooter.m in Sources */,
				2DA7F92B1AA6B4C4005627AB /* main.m in Sources */,
				2DB2EA1E1BECBE6700D58F6A /* MJRefreshAutoStateFooter.m in Sources */,
				2DB2EA241BECBE6700D58F6A /* MJRefreshStateHeader.m in Sources */,
				2D9BEB091BB15F4A00AED473 /* UIViewController+Example.m in Sources */,
				2D9BEB111BB15F4A00AED473 /* MJExampleViewController.m in Sources */,
				2DB2EA1D1BECBE6700D58F6A /* MJRefreshAutoNormalFooter.m in Sources */,
				2D9BEB0C1BB15F4A00AED473 /* MJChiBaoZiHeader.m in Sources */,
				2DB2EA1B1BECBE6700D58F6A /* MJRefreshHeader.m in Sources */,
				2D9BEB191BB15F4A00AED473 /* MJTestViewController.m in Sources */,
				2DB2EA211BECBE6700D58F6A /* MJRefreshBackStateFooter.m in Sources */,
				2DB2EA281BECBE6700D58F6A /* UIScrollView+MJRefresh.m in Sources */,
				2D9BEB151BB15F4A00AED473 /* MJTempViewController.m in Sources */,
				2D9BEB171BB15F4A00AED473 /* MJCollectionViewController.m in Sources */,
				2D9BEB0B1BB15F4A00AED473 /* MJChiBaoZiFooter2.m in Sources */,
			);
			runOnlyForDeploymentPostprocessing = 0;
		};
		2DA7F93A1AA6B4C4005627AB /* Sources */ = {
			isa = PBXSourcesBuildPhase;
			buildActionMask = 2147483647;
			files = (
				2DA7F9451AA6B4C4005627AB /* MJRefreshExampleTests.m in Sources */,
			);
			runOnlyForDeploymentPostprocessing = 0;
		};
/* End PBXSourcesBuildPhase section */

/* Begin PBXTargetDependency section */
		2DA7F9401AA6B4C4005627AB /* PBXTargetDependency */ = {
			isa = PBXTargetDependency;
			target = 2DA7F9241AA6B4C4005627AB /* MJRefreshExample */;
			targetProxy = 2DA7F93F1AA6B4C4005627AB /* PBXContainerItemProxy */;
		};
/* End PBXTargetDependency section */

/* Begin PBXVariantGroup section */
		2DA7F9321AA6B4C4005627AB /* Main.storyboard */ = {
			isa = PBXVariantGroup;
			children = (
				2DA7F9331AA6B4C4005627AB /* Base */,
			);
			name = Main.storyboard;
			sourceTree = "<group>";
		};
		2DA7F9371AA6B4C4005627AB /* LaunchScreen.xib */ = {
			isa = PBXVariantGroup;
			children = (
				2DA7F9381AA6B4C4005627AB /* Base */,
			);
			name = LaunchScreen.xib;
			sourceTree = "<group>";
		};
/* End PBXVariantGroup section */

/* Begin XCBuildConfiguration section */
		2DA7F9461AA6B4C4005627AB /* Debug */ = {
			isa = XCBuildConfiguration;
			buildSettings = {
				ALWAYS_SEARCH_USER_PATHS = NO;
				CLANG_CXX_LANGUAGE_STANDARD = "gnu++0x";
				CLANG_CXX_LIBRARY = "libc++";
				CLANG_ENABLE_MODULES = YES;
				CLANG_ENABLE_OBJC_ARC = YES;
				CLANG_WARN_BOOL_CONVERSION = YES;
				CLANG_WARN_CONSTANT_CONVERSION = YES;
				CLANG_WARN_DIRECT_OBJC_ISA_USAGE = YES_ERROR;
				CLANG_WARN_EMPTY_BODY = YES;
				CLANG_WARN_ENUM_CONVERSION = YES;
				CLANG_WARN_INT_CONVERSION = YES;
				CLANG_WARN_OBJC_ROOT_CLASS = YES_ERROR;
				CLANG_WARN_UNREACHABLE_CODE = YES;
				CLANG_WARN__DUPLICATE_METHOD_MATCH = YES;
				"CODE_SIGN_IDENTITY[sdk=iphoneos*]" = "iPhone Developer";
				COPY_PHASE_STRIP = NO;
				ENABLE_STRICT_OBJC_MSGSEND = YES;
				ENABLE_TESTABILITY = YES;
				GCC_C_LANGUAGE_STANDARD = gnu99;
				GCC_DYNAMIC_NO_PIC = NO;
				GCC_OPTIMIZATION_LEVEL = 0;
				GCC_PREPROCESSOR_DEFINITIONS = (
					"DEBUG=1",
					"$(inherited)",
				);
				GCC_SYMBOLS_PRIVATE_EXTERN = NO;
				GCC_WARN_64_TO_32_BIT_CONVERSION = YES;
				GCC_WARN_ABOUT_RETURN_TYPE = YES_ERROR;
				GCC_WARN_UNDECLARED_SELECTOR = YES;
				GCC_WARN_UNINITIALIZED_AUTOS = YES_AGGRESSIVE;
				GCC_WARN_UNUSED_FUNCTION = YES;
				GCC_WARN_UNUSED_VARIABLE = YES;
				IPHONEOS_DEPLOYMENT_TARGET = 8.1;
				MTL_ENABLE_DEBUG_INFO = YES;
				ONLY_ACTIVE_ARCH = YES;
				SDKROOT = iphoneos;
				TARGETED_DEVICE_FAMILY = "1,2";
			};
			name = Debug;
		};
		2DA7F9471AA6B4C4005627AB /* Release */ = {
			isa = XCBuildConfiguration;
			buildSettings = {
				ALWAYS_SEARCH_USER_PATHS = NO;
				CLANG_CXX_LANGUAGE_STANDARD = "gnu++0x";
				CLANG_CXX_LIBRARY = "libc++";
				CLANG_ENABLE_MODULES = YES;
				CLANG_ENABLE_OBJC_ARC = YES;
				CLANG_WARN_BOOL_CONVERSION = YES;
				CLANG_WARN_CONSTANT_CONVERSION = YES;
				CLANG_WARN_DIRECT_OBJC_ISA_USAGE = YES_ERROR;
				CLANG_WARN_EMPTY_BODY = YES;
				CLANG_WARN_ENUM_CONVERSION = YES;
				CLANG_WARN_INT_CONVERSION = YES;
				CLANG_WARN_OBJC_ROOT_CLASS = YES_ERROR;
				CLANG_WARN_UNREACHABLE_CODE = YES;
				CLANG_WARN__DUPLICATE_METHOD_MATCH = YES;
				"CODE_SIGN_IDENTITY[sdk=iphoneos*]" = "iPhone Developer";
				COPY_PHASE_STRIP = YES;
				ENABLE_NS_ASSERTIONS = NO;
				ENABLE_STRICT_OBJC_MSGSEND = YES;
				GCC_C_LANGUAGE_STANDARD = gnu99;
				GCC_WARN_64_TO_32_BIT_CONVERSION = YES;
				GCC_WARN_ABOUT_RETURN_TYPE = YES_ERROR;
				GCC_WARN_UNDECLARED_SELECTOR = YES;
				GCC_WARN_UNINITIALIZED_AUTOS = YES_AGGRESSIVE;
				GCC_WARN_UNUSED_FUNCTION = YES;
				GCC_WARN_UNUSED_VARIABLE = YES;
				IPHONEOS_DEPLOYMENT_TARGET = 8.1;
				MTL_ENABLE_DEBUG_INFO = NO;
				SDKROOT = iphoneos;
				TARGETED_DEVICE_FAMILY = "1,2";
				VALIDATE_PRODUCT = YES;
			};
			name = Release;
		};
		2DA7F9491AA6B4C4005627AB /* Debug */ = {
			isa = XCBuildConfiguration;
			buildSettings = {
				ASSETCATALOG_COMPILER_APPICON_NAME = AppIcon;
				CODE_SIGN_IDENTITY = "iPhone Developer";
				GCC_PREFIX_HEADER = MJRefreshExample/PrefixHeader.pch;
				INFOPLIST_FILE = MJRefreshExample/Info.plist;
				IPHONEOS_DEPLOYMENT_TARGET = 6.0;
				LD_RUNPATH_SEARCH_PATHS = "$(inherited) @executable_path/Frameworks";
				PRODUCT_BUNDLE_IDENTIFIER = "com.mj.$(PRODUCT_NAME:rfc1034identifier)";
				PRODUCT_NAME = "$(TARGET_NAME)";
			};
			name = Debug;
		};
		2DA7F94A1AA6B4C4005627AB /* Release */ = {
			isa = XCBuildConfiguration;
			buildSettings = {
				ASSETCATALOG_COMPILER_APPICON_NAME = AppIcon;
				CODE_SIGN_IDENTITY = "iPhone Developer";
				GCC_PREFIX_HEADER = MJRefreshExample/PrefixHeader.pch;
				INFOPLIST_FILE = MJRefreshExample/Info.plist;
				IPHONEOS_DEPLOYMENT_TARGET = 6.0;
				LD_RUNPATH_SEARCH_PATHS = "$(inherited) @executable_path/Frameworks";
				PRODUCT_BUNDLE_IDENTIFIER = "com.mj.$(PRODUCT_NAME:rfc1034identifier)";
				PRODUCT_NAME = "$(TARGET_NAME)";
			};
			name = Release;
		};
		2DA7F94C1AA6B4C4005627AB /* Debug */ = {
			isa = XCBuildConfiguration;
			buildSettings = {
				BUNDLE_LOADER = "$(TEST_HOST)";
				FRAMEWORK_SEARCH_PATHS = (
					"$(SDKROOT)/System/Library/Frameworks",
					"$(inherited)",
				);
				GCC_PREPROCESSOR_DEFINITIONS = (
					"DEBUG=1",
					"$(inherited)",
				);
				INFOPLIST_FILE = MJRefreshExampleTests/Info.plist;
				LD_RUNPATH_SEARCH_PATHS = "$(inherited) @executable_path/Frameworks @loader_path/Frameworks";
				PRODUCT_BUNDLE_IDENTIFIER = "com.mj.$(PRODUCT_NAME:rfc1034identifier)";
				PRODUCT_NAME = "$(TARGET_NAME)";
				TEST_HOST = "$(BUILT_PRODUCTS_DIR)/MJRefreshExample.app/MJRefreshExample";
			};
			name = Debug;
		};
		2DA7F94D1AA6B4C4005627AB /* Release */ = {
			isa = XCBuildConfiguration;
			buildSettings = {
				BUNDLE_LOADER = "$(TEST_HOST)";
				FRAMEWORK_SEARCH_PATHS = (
					"$(SDKROOT)/System/Library/Frameworks",
					"$(inherited)",
				);
				INFOPLIST_FILE = MJRefreshExampleTests/Info.plist;
				LD_RUNPATH_SEARCH_PATHS = "$(inherited) @executable_path/Frameworks @loader_path/Frameworks";
				PRODUCT_BUNDLE_IDENTIFIER = "com.mj.$(PRODUCT_NAME:rfc1034identifier)";
				PRODUCT_NAME = "$(TARGET_NAME)";
				TEST_HOST = "$(BUILT_PRODUCTS_DIR)/MJRefreshExample.app/MJRefreshExample";
			};
			name = Release;
		};
/* End XCBuildConfiguration section */

/* Begin XCConfigurationList section */
		2DA7F9201AA6B4C4005627AB /* Build configuration list for PBXProject "MJRefreshExample" */ = {
			isa = XCConfigurationList;
			buildConfigurations = (
				2DA7F9461AA6B4C4005627AB /* Debug */,
				2DA7F9471AA6B4C4005627AB /* Release */,
			);
			defaultConfigurationIsVisible = 0;
			defaultConfigurationName = Release;
		};
		2DA7F9481AA6B4C4005627AB /* Build configuration list for PBXNativeTarget "MJRefreshExample" */ = {
			isa = XCConfigurationList;
			buildConfigurations = (
				2DA7F9491AA6B4C4005627AB /* Debug */,
				2DA7F94A1AA6B4C4005627AB /* Release */,
			);
			defaultConfigurationIsVisible = 0;
			defaultConfigurationName = Release;
		};
		2DA7F94B1AA6B4C4005627AB /* Build configuration list for PBXNativeTarget "MJRefreshExampleTests" */ = {
			isa = XCConfigurationList;
			buildConfigurations = (
				2DA7F94C1AA6B4C4005627AB /* Debug */,
				2DA7F94D1AA6B4C4005627AB /* Release */,
			);
			defaultConfigurationIsVisible = 0;
			defaultConfigurationName = Release;
		};
/* End XCConfigurationList section */
	};
	rootObject = 2DA7F91D1AA6B4C4005627AB /* Project object */;
}
